<Solution>
  <Folder Name="/src/">
    <Project Path="src/MiniAlbum.Api/MiniAlbum.Api.csproj" />
    <Project Path="src/MiniAlbum.Application/MiniAlbum.Application.csproj" />
    <Project Path="src/MiniAlbum.Domain/MiniAlbum.Domain.csproj" />
    <Project Path="src/MiniAlbum.Infrastructure/MiniAlbum.Infrastructure.csproj" />
  </Folder>
  <Folder Name="/tests/">
    <Project Path="tests/MiniAlbum.Domain.Tests/MiniAlbum.Domain.Tests.csproj" />
  </Folder>
</Solution>
